
Microsoft Visual Studio Solution File, Format Version 12.00
# Visual Studio Version 17
VisualStudioVersion = 17.2.32519.379
MinimumVisualStudioVersion = 10.0.40219.1
Project("{FAE04EC0-301F-11D3-BF4B-00C04F79EFBC}") = "Palindrome", "Palindrome\Palindrome.csproj", "{41277D5D-9B8C-49B5-AB82-B06759F4C78D}"
EndProject
Global
	GlobalSection(SolutionConfigurationPlatforms) = preSolution
		Debug|Any CPU = Debug|Any CPU
		Release|Any CPU = Release|Any CPU
	EndGlobalSection
	GlobalSection(ProjectConfigurationPlatforms) = postSolution
		{41277D5D-9B8C-49B5-AB82-B06759F4C78D}.Debug|Any CPU.ActiveCfg = Debug|Any CPU
		{41277D5D-9B8C-49B5-AB82-B06759F4C78D}.Debug|Any CPU.Build.0 = Debug|Any CPU
		{41277D5D-9B8C-49B5-AB82-B06759F4C78D}.Release|Any CPU.ActiveCfg = Release|Any CPU
		{41277D5D-9B8C-49B5-AB82-B06759F4C78D}.Release|Any CPU.Build.0 = Release|Any CPU
	EndGlobalSection
	GlobalSection(SolutionProperties) = preSolution
		HideSolutionNode = FALSE
	EndGlobalSection
	GlobalSection(ExtensibilityGlobals) = postSolution
		SolutionGuid = {8246F507-BCCA-4057-8923-71382DA5FD7B}
	EndGlobalSection
EndGlobal
